version = 1
revision = 3
requires-python = ">=3.11"

[[package]]
name = "aop-kg"
version = "0.1.0"
source = { editable = "." }
dependencies = [
    { name = "beautifulsoup4" },
    { name = "igraph" },
]

[package.metadata]
requires-dist = [
    { name = "beautifulsoup4", specifier = ">=4.12" },
    { name = "igraph", specifier = ">=1.0.0" },
]

[[package]]
name = "beautifulsoup4"
version = "4.14.3"
source = { registry = "https://pypi.org/simple" }
dependencies = [
    { name = "soupsieve" },
    { name = "typing-extensions" },
]
sdist = { url = "https://files.pythonhosted.org/packages/c3/b0/1c6a16426d389813b48d95e26898aff79abbde42ad353958ad95cc8c9b21/beautifulsoup4-4.14.3.tar.gz", hash = "sha256:6292b1c5186d356bba669ef9f7f051757099565ad9ada5dd630bd9de5fa7fb86", size = 627737, upload-time = "2025-11-30T15:08:26.084Z" }
wheels = [
    { url = "https://files.pythonhosted.org/packages/1a/39/47f9197bdd44df24d67ac8893641e16f386c984a0619ef2ee4c51fbbc019/beautifulsoup4-4.14.3-py3-none-any.whl", hash = "sha256:0918bfe44902e6ad8d57732ba310582e98da931428d231a5ecb9e7c703a735bb", size = 107721, upload-time = "2025-11-30T15:08:24.087Z" },
]

[[package]]
name = "igraph"
version = "1.0.0"
source = { registry = "https://pypi.org/simple" }
dependencies = [
    { name = "texttable" },
]
sdist = { url = "https://files.pythonhosted.org/packages/23/be/56bef1919005b4caf1f71522b300d359f7faeb7ae93a3b0baa9b4f146a87/igraph-1.0.0.tar.gz", hash = "sha256:2414d0be2e4d77ee5357807d100974b40f6082bb1bb71988ec46cfb6728651ee", size = 5077105, upload-time = "2025-10-23T12:22:50.127Z" }
wheels = [
    { url = "https://files.pythonhosted.org/packages/a5/03/3278ad0ceb3ea0e84d8ae3a85bdded4d0e57853aeb802a200feb43847b93/igraph-1.0.0-cp39-abi3-macosx_10_15_x86_64.whl", hash = "sha256:c2cbc415e02523e5a241eecee82319080bf928a70b1ba299f3b3e25bf029b6d4", size = 2257415, upload-time = "2025-10-23T12:22:27.246Z" },
    { url = "https://files.pythonhosted.org/packages/0d/bc/6281ec7f9baaf71ee57c3b1748da2d3148d15d253e1a03006f204aa68ca5/igraph-1.0.0-cp39-abi3-macosx_11_0_arm64.whl", hash = "sha256:1a27753cd80680a8f676c2d5a467aaa4a95e510b30748398ec4e4aeb982130e8", size = 2048555, upload-time = "2025-10-23T12:22:29.49Z" },
    { url = "https://files.pythonhosted.org/packages/2a/38/3cd6428a4ed4c09a56df05998438e7774fd1d799ee4fb8fc481674f5f7fc/igraph-1.0.0-cp39-abi3-manylinux_2_28_aarch64.whl", hash = "sha256:a55dc3a2a4e3fc3eba42479910c1511bfc3ecb33cdf5f0406891fd85f14b5aee", size = 5314141, upload-time = "2025-10-23T12:22:31.023Z" },
    { url = "https://files.pythonhosted.org/packages/7d/da/dd2867c25adbb41563720f14b5fc895c98bf88be682a3faff4f7b3118d2a/igraph-1.0.0-cp39-abi3-manylinux_2_28_x86_64.whl", hash = "sha256:2d04c2c76f686fb1f554ee35dfd3085f5e73b7965ba6b4cf06d53e66b1955522", size = 5683134, upload-time = "2025-10-23T12:22:32.423Z" },
    { url = "https://files.pythonhosted.org/packages/e5/40/243c118d34ab80382d7009c4dcb99b887384c3d2ce84d29eeac19e2a007a/igraph-1.0.0-cp39-abi3-musllinux_1_2_aarch64.whl", hash = "sha256:f2b52dc1757fff0fed29a9f7a276d971a11db4211569ed78b9eab36288dfcc9d", size = 6211583, upload-time = "2025-10-23T12:22:34.238Z" },
    { url = "https://files.pythonhosted.org/packages/1d/b7/88f433819c54b496cb0315fce28e658970cb20ff5dbd52a5a605ce2888de/igraph-1.0.0-cp39-abi3-musllinux_1_2_x86_64.whl", hash = "sha256:05c79a2a8fca695b2f217a6fa7f2549f896f757d4db41be32a055400cb19cc30", size = 6594509, upload-time = "2025-10-23T12:22:35.831Z" },
    { url = "https://files.pythonhosted.org/packages/7b/5d/8f7f6f619d374e959aa3664ebc4b24c10abc90c2e8efbed97f2623fadaf5/igraph-1.0.0-cp39-abi3-win32.whl", hash = "sha256:c2bce3cd472fec3dd9c4d8a3ea5b6b9be65fb30edf760beb4850760dd4f2d479", size = 2725406, upload-time = "2025-10-23T12:22:37.588Z" },
    { url = "https://files.pythonhosted.org/packages/af/77/a85b3745cf40a0572bae2de8cd9c2a2a8af78e5cf3e880fc0a249114e609/igraph-1.0.0-cp39-abi3-win_amd64.whl", hash = "sha256:faeff8ede0cf15eb4ded44b0fcea6e1886740146e60504c24ad2da14e0939563", size = 3221663, upload-time = "2025-10-23T12:22:39.404Z" },
    { url = "https://files.pythonhosted.org/packages/ef/7e/5df541c37bdf6493035e89c22bd53f30d99b291bcda6c78e9a8afeecec2b/igraph-1.0.0-cp39-abi3-win_arm64.whl", hash = "sha256:b607cafc24b10a615e713ee96e58208ef27e0764af80140c7cc45d4724a3f2df", size = 2785701, upload-time = "2025-10-23T12:22:41.03Z" },
    { url = "https://files.pythonhosted.org/packages/b9/73/bf1d4dbbc9123435b3ca14bb608b243a50a4f158ecea564bf196715248d9/igraph-1.0.0-pp311-pypy311_pp73-macosx_10_15_x86_64.whl", hash = "sha256:3189c1a8e8a8f58009f3f729040eb3701254d074ed37245691d529869ec940c5", size = 2246636, upload-time = "2025-10-23T12:22:42.314Z" },
    { url = "https://files.pythonhosted.org/packages/59/ac/28482f2af45cc0a0ca88a69d17a6ea694f58bdbd22cc876e7273a0379282/igraph-1.0.0-pp311-pypy311_pp73-macosx_11_0_arm64.whl", hash = "sha256:ebe9502689b946301584b3cfacdbc70c58c4d664d804e39b6daa31be5c20bf46", size = 2036101, upload-time = "2025-10-23T12:22:43.957Z" },
    { url = "https://files.pythonhosted.org/packages/56/80/806a093df1d1ddc3b30d0418b1ee56388ae7018f8ae288677ee2b3a1abaf/igraph-1.0.0-pp311-pypy311_pp73-manylinux_2_28_aarch64.whl", hash = "sha256:f117683108c54330d6dc67a708e3724c13c9989885122a29781296872989a222", size = 3053403, upload-time = "2025-10-23T12:22:45.573Z" },
    { url = "https://files.pythonhosted.org/packages/56/bf/cf7aeff230a4368c0b8bc6b02f3ea27db41db33714b51e1e8a7c1458f31b/igraph-1.0.0-pp311-pypy311_pp73-manylinux_2_28_x86_64.whl", hash = "sha256:077dbff0edb8b4ce0f9fefdf325200346d9d5db02de31872b41743de08e67a16", size = 3262472, upload-time = "2025-10-23T12:22:47.248Z" },
    { url = "https://files.pythonhosted.org/packages/d8/ca/dbc06072d5eea402a6dc81f387afb1b7e0c415f1d8a75232943fc4d1bfdb/igraph-1.0.0-pp311-pypy311_pp73-win_amd64.whl", hash = "sha256:fe7c693b2a84a4e03ca31e65aa05a2ecd8728137fa9909ccbf6453b4200b856d", size = 3218861, upload-time = "2025-10-23T12:22:48.46Z" },
]

[[package]]
name = "soupsieve"
version = "2.8.4"
source = { registry = "https://pypi.org/simple" }
sdist = { url = "https://files.pythonhosted.org/packages/47/2c/0a5f6f8ee0d5589e48c7640213ed5175d52cf540a06725b628cc1a45d6ce/soupsieve-2.8.4.tar.gz", hash = "sha256:e121fd02e975c695e4e9e8774a5ee35d74714b59307868dcc5319ad2d9e3328e", size = 121110, upload-time = "2026-05-24T13:55:57.154Z" }
wheels = [
    { url = "https://files.pythonhosted.org/packages/5e/f5/0c41cb68dcae6b7de4fac4188a3a9589e21fb31df21ea3a2e888db95e6c9/soupsieve-2.8.4-py3-none-any.whl", hash = "sha256:e7e6b0769c8f51ed59acab6e994b00621096cfb1c640a7509295987388fbaf65", size = 37304, upload-time = "2026-05-24T13:55:55.406Z" },
]

[[package]]
name = "texttable"
version = "1.7.0"
source = { registry = "https://pypi.org/simple" }
sdist = { url = "https://files.pythonhosted.org/packages/1c/dc/0aff23d6036a4d3bf4f1d8c8204c5c79c4437e25e0ae94ffe4bbb55ee3c2/texttable-1.7.0.tar.gz", hash = "sha256:2d2068fb55115807d3ac77a4ca68fa48803e84ebb0ee2340f858107a36522638", size = 12831, upload-time = "2023-10-03T09:48:12.272Z" }
wheels = [
    { url = "https://files.pythonhosted.org/packages/24/99/4772b8e00a136f3e01236de33b0efda31ee7077203ba5967fcc76da94d65/texttable-1.7.0-py2.py3-none-any.whl", hash = "sha256:72227d592c82b3d7f672731ae73e4d1f88cd8e2ef5b075a7a7f01a23a3743917", size = 10768, upload-time = "2023-10-03T09:48:10.434Z" },
]

[[package]]
name = "typing-extensions"
version = "4.15.0"
source = { registry = "https://pypi.org/simple" }
sdist = { url = "https://files.pythonhosted.org/packages/72/94/1a15dd82efb362ac84269196e94cf00f187f7ed21c242792a923cdb1c61f/typing_extensions-4.15.0.tar.gz", hash = "sha256:0cea48d173cc12fa28ecabc3b837ea3cf6f38c6d1136f85cbaaf598984861466", size = 109391, upload-time = "2025-08-25T13:49:26.313Z" }
wheels = [
    { url = "https://files.pythonhosted.org/packages/18/67/36e9267722cc04a6b9f15c7f3441c2363321a3ea07da7ae0c0707beb2a9c/typing_extensions-4.15.0-py3-none-any.whl", hash = "sha256:f0fa19c6845758ab08074a0cfa8b7aecb71c999ca73d62883bc25cc018c4e548", size = 44614, upload-time = "2025-08-25T13:49:24.86Z" },
]
